
Microsoft Visual Studio Solution File, Format Version 12.00
# Visual Studio 14
VisualStudioVersion = 14.0.25420.1
MinimumVisualStudioVersion = 10.0.40219.1
Project("{2150E333-8FDC-42A3-9474-1A3956D46DE8}") = "Framework", "Framework", "{0E45B57E-724F-47B3-B123-E975137F5FE6}"
EndProject
Project("{2150E333-8FDC-42A3-9474-1A3956D46DE8}") = "Web", "Web", "{32EA03D4-06F8-4F99-8E07-5B0F483781CF}"
EndProject
Project("{FAE04EC0-301F-11D3-BF4B-00C04F79EFBC}") = "AdminUI", "AdminUI\AdminUI.csproj", "{6E8A9D3F-AF68-4839-814D-9765C492F3D8}"
EndProject
Project("{FAE04EC0-301F-11D3-BF4B-00C04F79EFBC}") = "FrontUI", "FrontUI\FrontUI.csproj", "{A9A8E2F1-D384-40A1-937D-FABC0AB42D79}"
EndProject
Project("{FAE04EC0-301F-11D3-BF4B-00C04F79EFBC}") = "Common", "Common\Common.csproj", "{ABD6E444-3E79-4389-911E-AF12342FE1BA}"
EndProject
Project("{FAE04EC0-301F-11D3-BF4B-00C04F79EFBC}") = "CommonMVC", "CommonMVC\CommonMVC.csproj", "{B6192541-2432-42D0-B05A-CFDD403790C1}"
EndProject
Project("{FAE04EC0-301F-11D3-BF4B-00C04F79EFBC}") = "DTO", "DTO\DTO.csproj", "{1968F7BC-FD58-4294-AB9A-D25E1D4C531F}"
EndProject
Project("{FAE04EC0-301F-11D3-BF4B-00C04F79EFBC}") = "ISerivce", "ISerivce\ISerivce.csproj", "{9F068291-02C3-4311-BC2B-215284A268A4}"
EndProject
Project("{FAE04EC0-301F-11D3-BF4B-00C04F79EFBC}") = "ServiceImp", "ServiceImp\ServiceImp.csproj", "{D55105A7-734B-4668-A908-DCB9AAB1EECE}"
EndProject
Project("{FAE04EC0-301F-11D3-BF4B-00C04F79EFBC}") = "IDAL", "IDAL\IDAL.csproj", "{5693E0DB-04C6-4DFD-95E8-5A6F280BB45A}"
EndProject
Project("{FAE04EC0-301F-11D3-BF4B-00C04F79EFBC}") = "DALImp", "DALImp\DALImp.csproj", "{E816B1A3-4F00-4D09-B50D-D4FB2947E395}"
EndProject
Project("{2150E333-8FDC-42A3-9474-1A3956D46DE8}") = "Orm", "Orm", "{E48EC995-DD8C-40C3-B899-A3F43F809D15}"
EndProject
Project("{FAE04EC0-301F-11D3-BF4B-00C04F79EFBC}") = "ORM", "ORM\ORM.csproj", "{17E97D09-EDF6-406C-9365-66807A4DDCEE}"
EndProject
Global
	GlobalSection(SolutionConfigurationPlatforms) = preSolution
		Debug|Any CPU = Debug|Any CPU
		Release|Any CPU = Release|Any CPU
	EndGlobalSection
	GlobalSection(ProjectConfigurationPlatforms) = postSolution
		{6E8A9D3F-AF68-4839-814D-9765C492F3D8}.Debug|Any CPU.ActiveCfg = Debug|Any CPU
		{6E8A9D3F-AF68-4839-814D-9765C492F3D8}.Debug|Any CPU.Build.0 = Debug|Any CPU
		{6E8A9D3F-AF68-4839-814D-9765C492F3D8}.Release|Any CPU.ActiveCfg = Release|Any CPU
		{6E8A9D3F-AF68-4839-814D-9765C492F3D8}.Release|Any CPU.Build.0 = Release|Any CPU
		{A9A8E2F1-D384-40A1-937D-FABC0AB42D79}.Debug|Any CPU.ActiveCfg = Debug|Any CPU
		{A9A8E2F1-D384-40A1-937D-FABC0AB42D79}.Debug|Any CPU.Build.0 = Debug|Any CPU
		{A9A8E2F1-D384-40A1-937D-FABC0AB42D79}.Release|Any CPU.ActiveCfg = Release|Any CPU
		{A9A8E2F1-D384-40A1-937D-FABC0AB42D79}.Release|Any CPU.Build.0 = Release|Any CPU
		{ABD6E444-3E79-4389-911E-AF12342FE1BA}.Debug|Any CPU.ActiveCfg = Debug|Any CPU
		{ABD6E444-3E79-4389-911E-AF12342FE1BA}.Debug|Any CPU.Build.0 = Debug|Any CPU
		{ABD6E444-3E79-4389-911E-AF12342FE1BA}.Release|Any CPU.ActiveCfg = Release|Any CPU
		{ABD6E444-3E79-4389-911E-AF12342FE1BA}.Release|Any CPU.Build.0 = Release|Any CPU
		{B6192541-2432-42D0-B05A-CFDD403790C1}.Debug|Any CPU.ActiveCfg = Debug|Any CPU
		{B6192541-2432-42D0-B05A-CFDD403790C1}.Debug|Any CPU.Build.0 = Debug|Any CPU
		{B6192541-2432-42D0-B05A-CFDD403790C1}.Release|Any CPU.ActiveCfg = Release|Any CPU
		{B6192541-2432-42D0-B05A-CFDD403790C1}.Release|Any CPU.Build.0 = Release|Any CPU
		{1968F7BC-FD58-4294-AB9A-D25E1D4C531F}.Debug|Any CPU.ActiveCfg = Debug|Any CPU
		{1968F7BC-FD58-4294-AB9A-D25E1D4C531F}.Debug|Any CPU.Build.0 = Debug|Any CPU
		{1968F7BC-FD58-4294-AB9A-D25E1D4C531F}.Release|Any CPU.ActiveCfg = Release|Any CPU
		{1968F7BC-FD58-4294-AB9A-D25E1D4C531F}.Release|Any CPU.Build.0 = Release|Any CPU
		{9F068291-02C3-4311-BC2B-215284A268A4}.Debug|Any CPU.ActiveCfg = Debug|Any CPU
		{9F068291-02C3-4311-BC2B-215284A268A4}.Debug|Any CPU.Build.0 = Debug|Any CPU
		{9F068291-02C3-4311-BC2B-215284A268A4}.Release|Any CPU.ActiveCfg = Release|Any CPU
		{9F068291-02C3-4311-BC2B-215284A268A4}.Release|Any CPU.Build.0 = Release|Any CPU
		{D55105A7-734B-4668-A908-DCB9AAB1EECE}.Debug|Any CPU.ActiveCfg = Debug|Any CPU
		{D55105A7-734B-4668-A908-DCB9AAB1EECE}.Debug|Any CPU.Build.0 = Debug|Any CPU
		{D55105A7-734B-4668-A908-DCB9AAB1EECE}.Release|Any CPU.ActiveCfg = Release|Any CPU
		{D55105A7-734B-4668-A908-DCB9AAB1EECE}.Release|Any CPU.Build.0 = Release|Any CPU
		{5693E0DB-04C6-4DFD-95E8-5A6F280BB45A}.Debug|Any CPU.ActiveCfg = Debug|Any CPU
		{5693E0DB-04C6-4DFD-95E8-5A6F280BB45A}.Debug|Any CPU.Build.0 = Debug|Any CPU
		{5693E0DB-04C6-4DFD-95E8-5A6F280BB45A}.Release|Any CPU.ActiveCfg = Release|Any CPU
		{5693E0DB-04C6-4DFD-95E8-5A6F280BB45A}.Release|Any CPU.Build.0 = Release|Any CPU
		{E816B1A3-4F00-4D09-B50D-D4FB2947E395}.Debug|Any CPU.ActiveCfg = Debug|Any CPU
		{E816B1A3-4F00-4D09-B50D-D4FB2947E395}.Debug|Any CPU.Build.0 = Debug|Any CPU
		{E816B1A3-4F00-4D09-B50D-D4FB2947E395}.Release|Any CPU.ActiveCfg = Release|Any CPU
		{E816B1A3-4F00-4D09-B50D-D4FB2947E395}.Release|Any CPU.Build.0 = Release|Any CPU
		{17E97D09-EDF6-406C-9365-66807A4DDCEE}.Debug|Any CPU.ActiveCfg = Debug|Any CPU
		{17E97D09-EDF6-406C-9365-66807A4DDCEE}.Debug|Any CPU.Build.0 = Debug|Any CPU
		{17E97D09-EDF6-406C-9365-66807A4DDCEE}.Release|Any CPU.ActiveCfg = Release|Any CPU
		{17E97D09-EDF6-406C-9365-66807A4DDCEE}.Release|Any CPU.Build.0 = Release|Any CPU
	EndGlobalSection
	GlobalSection(SolutionProperties) = preSolution
		HideSolutionNode = FALSE
	EndGlobalSection
	GlobalSection(NestedProjects) = preSolution
		{6E8A9D3F-AF68-4839-814D-9765C492F3D8} = {32EA03D4-06F8-4F99-8E07-5B0F483781CF}
		{A9A8E2F1-D384-40A1-937D-FABC0AB42D79} = {32EA03D4-06F8-4F99-8E07-5B0F483781CF}
		{ABD6E444-3E79-4389-911E-AF12342FE1BA} = {0E45B57E-724F-47B3-B123-E975137F5FE6}
		{B6192541-2432-42D0-B05A-CFDD403790C1} = {0E45B57E-724F-47B3-B123-E975137F5FE6}
		{1968F7BC-FD58-4294-AB9A-D25E1D4C531F} = {0E45B57E-724F-47B3-B123-E975137F5FE6}
		{9F068291-02C3-4311-BC2B-215284A268A4} = {0E45B57E-724F-47B3-B123-E975137F5FE6}
		{D55105A7-734B-4668-A908-DCB9AAB1EECE} = {0E45B57E-724F-47B3-B123-E975137F5FE6}
		{5693E0DB-04C6-4DFD-95E8-5A6F280BB45A} = {0E45B57E-724F-47B3-B123-E975137F5FE6}
		{E816B1A3-4F00-4D09-B50D-D4FB2947E395} = {0E45B57E-724F-47B3-B123-E975137F5FE6}
		{17E97D09-EDF6-406C-9365-66807A4DDCEE} = {E48EC995-DD8C-40C3-B899-A3F43F809D15}
	EndGlobalSection
EndGlobal
